
Microsoft Visual Studio Solution File, Format Version 12.00
# Visual Studio Version 17
VisualStudioVersion = 17.0.31903.59
MinimumVisualStudioVersion = 10.0.40219.1
Project("{FAE04EC0-301F-11D3-BF4B-00C04F79EFBC}") = "Keepi.Api", "src\Keepi.Api\Keepi.Api.csproj", "{92B24297-A218-45A1-849F-43D541A25F06}"
EndProject
Project("{FAE04EC0-301F-11D3-BF4B-00C04F79EFBC}") = "Keepi.Core", "src\Keepi.Core\Keepi.Core.csproj", "{6C31A6F7-B15F-4AA0-86F1-6A8D3EF400C3}"
EndProject
Project("{FAE04EC0-301F-11D3-BF4B-00C04F79EFBC}") = "Keepi.Web", "src\Keepi.Web\Keepi.Web.csproj", "{7E9DDE6F-59A3-4029-8FA9-35A8CDB11CE5}"
EndProject
Project("{2150E333-8FDC-42A3-9474-1A3956D46DE8}") = "src", "src", "{0FF4FE3F-8D91-43C1-91CF-DDA1F9D2F5E3}"
EndProject
Project("{FAE04EC0-301F-11D3-BF4B-00C04F79EFBC}") = "Keepi.Infrastructure.Data", "src\Keepi.Infrastructure.Data\Keepi.Infrastructure.Data.csproj", "{DA489D2B-EFCF-463C-AC99-C2FE62032BB9}"
EndProject
Project("{2150E333-8FDC-42A3-9474-1A3956D46DE8}") = "tests", "tests", "{40622552-B34C-464D-84F8-7FCCE7AEEFF6}"
EndProject
Project("{FAE04EC0-301F-11D3-BF4B-00C04F79EFBC}") = "Keepi.Core.Unit.Tests", "tests\Keepi.Core.Unit.Tests\Keepi.Core.Unit.Tests.csproj", "{50824E80-0BD9-4B7B-B2C4-2E60A3483F0E}"
EndProject
Global
	GlobalSection(SolutionConfigurationPlatforms) = preSolution
		Debug|Any CPU = Debug|Any CPU
		Release|Any CPU = Release|Any CPU
	EndGlobalSection
	GlobalSection(SolutionProperties) = preSolution
		HideSolutionNode = FALSE
	EndGlobalSection
	GlobalSection(ProjectConfigurationPlatforms) = postSolution
		{92B24297-A218-45A1-849F-43D541A25F06}.Debug|Any CPU.ActiveCfg = Debug|Any CPU
		{92B24297-A218-45A1-849F-43D541A25F06}.Debug|Any CPU.Build.0 = Debug|Any CPU
		{92B24297-A218-45A1-849F-43D541A25F06}.Release|Any CPU.ActiveCfg = Release|Any CPU
		{92B24297-A218-45A1-849F-43D541A25F06}.Release|Any CPU.Build.0 = Release|Any CPU
		{6C31A6F7-B15F-4AA0-86F1-6A8D3EF400C3}.Debug|Any CPU.ActiveCfg = Debug|Any CPU
		{6C31A6F7-B15F-4AA0-86F1-6A8D3EF400C3}.Debug|Any CPU.Build.0 = Debug|Any CPU
		{6C31A6F7-B15F-4AA0-86F1-6A8D3EF400C3}.Release|Any CPU.ActiveCfg = Release|Any CPU
		{6C31A6F7-B15F-4AA0-86F1-6A8D3EF400C3}.Release|Any CPU.Build.0 = Release|Any CPU
		{7E9DDE6F-59A3-4029-8FA9-35A8CDB11CE5}.Debug|Any CPU.ActiveCfg = Debug|Any CPU
		{7E9DDE6F-59A3-4029-8FA9-35A8CDB11CE5}.Debug|Any CPU.Build.0 = Debug|Any CPU
		{7E9DDE6F-59A3-4029-8FA9-35A8CDB11CE5}.Release|Any CPU.ActiveCfg = Release|Any CPU
		{7E9DDE6F-59A3-4029-8FA9-35A8CDB11CE5}.Release|Any CPU.Build.0 = Release|Any CPU
		{DA489D2B-EFCF-463C-AC99-C2FE62032BB9}.Debug|Any CPU.ActiveCfg = Debug|Any CPU
		{DA489D2B-EFCF-463C-AC99-C2FE62032BB9}.Debug|Any CPU.Build.0 = Debug|Any CPU
		{DA489D2B-EFCF-463C-AC99-C2FE62032BB9}.Release|Any CPU.ActiveCfg = Release|Any CPU
		{DA489D2B-EFCF-463C-AC99-C2FE62032BB9}.Release|Any CPU.Build.0 = Release|Any CPU
		{50824E80-0BD9-4B7B-B2C4-2E60A3483F0E}.Debug|Any CPU.ActiveCfg = Debug|Any CPU
		{50824E80-0BD9-4B7B-B2C4-2E60A3483F0E}.Debug|Any CPU.Build.0 = Debug|Any CPU
		{50824E80-0BD9-4B7B-B2C4-2E60A3483F0E}.Release|Any CPU.ActiveCfg = Release|Any CPU
		{50824E80-0BD9-4B7B-B2C4-2E60A3483F0E}.Release|Any CPU.Build.0 = Release|Any CPU
	EndGlobalSection
	GlobalSection(NestedProjects) = preSolution
		{DA489D2B-EFCF-463C-AC99-C2FE62032BB9} = {0FF4FE3F-8D91-43C1-91CF-DDA1F9D2F5E3}
		{50824E80-0BD9-4B7B-B2C4-2E60A3483F0E} = {40622552-B34C-464D-84F8-7FCCE7AEEFF6}
	EndGlobalSection
EndGlobal
